
Microsoft Visual Studio Solution File, Format Version 12.00
# Visual Studio Version 17
VisualStudioVersion = 17.9.34902.65
MinimumVisualStudioVersion = 10.0.40219.1
Project("{FAE04EC0-301F-11D3-BF4B-00C04F79EFBC}") = "Sistema8QUALY", "Sistema8QUALY.csproj", "{4A04F540-4D95-4B42-9AA0-E7C8E2061159}"
EndProject
Global
	GlobalSection(SolutionConfigurationPlatforms) = preSolution
		Debug|Any CPU = Debug|Any CPU
		Release|Any CPU = Release|Any CPU
	EndGlobalSection
	GlobalSection(ProjectConfigurationPlatforms) = postSolution
		{4A04F540-4D95-4B42-9AA0-E7C8E2061159}.Debug|Any CPU.ActiveCfg = Debug|Any CPU
		{4A04F540-4D95-4B42-9AA0-E7C8E2061159}.Debug|Any CPU.Build.0 = Debug|Any CPU
		{4A04F540-4D95-4B42-9AA0-E7C8E2061159}.Release|Any CPU.ActiveCfg = Release|Any CPU
		{4A04F540-4D95-4B42-9AA0-E7C8E2061159}.Release|Any CPU.Build.0 = Release|Any CPU
	EndGlobalSection
	GlobalSection(SolutionProperties) = preSolution
		HideSolutionNode = FALSE
	EndGlobalSection
	GlobalSection(ExtensibilityGlobals) = postSolution
		SolutionGuid = {E6125E2D-CE99-4A6F-A49A-60AF2DF7A38A}
	EndGlobalSection
EndGlobal
